
Microsoft Visual Studio Solution File, Format Version 12.00
# Visual Studio Version 16
VisualStudioVersion = 16.0.30225.117
MinimumVisualStudioVersion = 10.0.40219.1
Project("{9A19103F-16F7-4668-BE54-9A1E7A4F7556}") = "ExampleMediatR", "ExampleMediatR\ExampleMediatR.csproj", "{BCCE679F-A7FC-4060-B3CF-087016639A0A}"
EndProject
Global
	GlobalSection(SolutionConfigurationPlatforms) = preSolution
		Debug|Any CPU = Debug|Any CPU
		Release|Any CPU = Release|Any CPU
	EndGlobalSection
	GlobalSection(ProjectConfigurationPlatforms) = postSolution
		{BCCE679F-A7FC-4060-B3CF-087016639A0A}.Debug|Any CPU.ActiveCfg = Debug|Any CPU
		{BCCE679F-A7FC-4060-B3CF-087016639A0A}.Debug|Any CPU.Build.0 = Debug|Any CPU
		{BCCE679F-A7FC-4060-B3CF-087016639A0A}.Release|Any CPU.ActiveCfg = Release|Any CPU
		{BCCE679F-A7FC-4060-B3CF-087016639A0A}.Release|Any CPU.Build.0 = Release|Any CPU
	EndGlobalSection
	GlobalSection(SolutionProperties) = preSolution
		HideSolutionNode = FALSE
	EndGlobalSection
	GlobalSection(ExtensibilityGlobals) = postSolution
		SolutionGuid = {FC33DE5A-3C78-4D83-AEA7-E7AB9A166D74}
	EndGlobalSection
EndGlobal
